{
  "version": 4,
  "terraform_version": "0.12.20",
  "serial": 114,
  "lineage": "e97a5c0f-1a97-07f8-d4ba-a2bd7c129287",
  "outputs": {},
  "resources": [
    {
      "mode": "data",
      "type": "anaml_source",
      "name": "minio",
      "provider": "provider.anaml",
      "instances": [
        {
          "schema_version": 0,
          "attributes": {
            "description": "A source that reads from the local minio s3 instance that you setup in the readme.",
            "id": "1",
            "name": "Minio S3 Source"
          }
        }
      ]
    },
    {
      "mode": "managed",
      "type": "anaml_entity",
      "name": "customer",
      "provider": "provider.anaml",
      "instances": [
        {
          "schema_version": 0,
          "attributes": {
            "default_column": "customer_id",
            "description": "A customer identified in the system",
            "id": "10",
            "name": "customer"
          }
        }
      ]
    },
    {
      "mode": "managed",
      "type": "anaml_entity",
      "name": "household",
      "provider": "provider.anaml",
      "instances": [
        {
          "schema_version": 0,
          "attributes": {
            "default_column": "household_id",
            "description": "A household level view",
            "id": "6",
            "name": "household"
          }
        }
      ]
    },
    {
      "mode": "managed",
      "type": "anaml_entity",
      "name": "phone_plan",
      "provider": "provider.anaml",
      "instances": [
        {
          "schema_version": 0,
          "attributes": {
            "default_column": "plan_id",
            "description": "A phone plan",
            "id": "7",
            "name": "phone_plan"
          },
          "private": "bnVsbA=="
        }
      ]
    },
    {
      "mode": "managed",
      "type": "anaml_feature",
      "name": "count_data_loss",
      "each": "map",
      "provider": "provider.anaml",
      "instances": []
    },
    {
      "mode": "managed",
      "type": "anaml_feature",
      "name": "count_data_packets",
      "each": "map",
      "provider": "provider.anaml",
      "instances": []
    },
    {
      "mode": "managed",
      "type": "anaml_feature",
      "name": "count_slow_data_usage",
      "each": "map",
      "provider": "provider.anaml",
      "instances": []
    },
    {
      "mode": "managed",
      "type": "anaml_feature",
      "name": "plan_customer",
      "provider": "provider.anaml",
      "instances": [
        {
          "schema_version": 0,
          "attributes": {
            "aggregation": "last",
            "data_type": "string",
            "days": null,
            "description": "Customer for a plan",
            "entity": null,
            "filter": null,
            "id": "31",
            "name": "plan_customer",
            "open": true,
            "over": null,
            "rows": null,
            "select": "customer",
            "table": "3"
          }
        }
      ]
    },
    {
      "mode": "managed",
      "type": "anaml_feature",
      "name": "total_data_usage",
      "each": "map",
      "provider": "provider.anaml",
      "instances": []
    },
    {
      "mode": "managed",
      "type": "anaml_feature",
      "name": "total_data_usage_music",
      "each": "map",
      "provider": "provider.anaml",
      "instances": []
    },
    {
      "mode": "managed",
      "type": "anaml_feature",
      "name": "total_data_usage_sport",
      "each": "map",
      "provider": "provider.anaml",
      "instances": []
    },
    {
      "mode": "managed",
      "type": "anaml_feature",
      "name": "total_data_usage_video",
      "each": "map",
      "provider": "provider.anaml",
      "instances": []
    },
    {
      "mode": "managed",
      "type": "anaml_table",
      "name": "plans",
      "provider": "provider.anaml",
      "instances": [
        {
          "schema_version": 0,
          "attributes": {
            "description": "Information about phone plans",
            "entity_mapping": null,
            "event": [
              {
                "entities": {
                  "7": "plan_id"
                },
                "timestamp_column": "start_date",
                "timezone": ""
              }
            ],
            "expression": "",
            "extra_features": null,
            "id": "3",
            "name": "plans",
            "source": "1",
            "sources": []
          },
          "private": "bnVsbA==",
          "dependencies": [
            "anaml_entity.phone_plan"
          ]
        }
      ]
    }
  ]
}
